// !$*UTF8*$!
{
	archiveVersion = 1;
	classes = {
	};
	objectVersion = 56;
	objects = {

/* Begin PBXBuildFile section */
		4918FD222ABE7F2000F5FB37 /* Appetizer.swift in Sources */ = {isa = PBXBuildFile; fileRef = 4918FD212ABE7F2000F5FB37 /* Appetizer.swift */; };
		4918FD242ABE8AD800F5FB37 /* AppetizerListCell.swift in Sources */ = {isa = PBXBuildFile; fileRef = 4918FD232ABE8AD800F5FB37 /* AppetizerListCell.swift */; };
		4918FD262ABE8C6A00F5FB37 /* NetworkManager.swift in Sources */ = {isa = PBXBuildFile; fileRef = 4918FD252ABE8C6A00F5FB37 /* NetworkManager.swift */; };
		491C4CA02AC1BFBE00E8A98F /* APButton.swift in Sources */ = {isa = PBXBuildFile; fileRef = 491C4C9F2AC1BFBE00E8A98F /* APButton.swift */; };
		491C4CA22AC1C07C00E8A98F /* XDismissButton.swift in Sources */ = {isa = PBXBuildFile; fileRef = 491C4CA12AC1C07C00E8A98F /* XDismissButton.swift */; };
		492780882AC6765200388988 /* AccountViewModel.swift in Sources */ = {isa = PBXBuildFile; fileRef = 492780872AC6765200388988 /* AccountViewModel.swift */; };
		4927808A2AC678DF00388988 /* String+Ext.swift in Sources */ = {isa = PBXBuildFile; fileRef = 492780892AC678DF00388988 /* String+Ext.swift */; };
		4956CCE02AC0CA2700BF7FB7 /* LoadingView.swift in Sources */ = {isa = PBXBuildFile; fileRef = 4956CCDF2AC0CA2700BF7FB7 /* LoadingView.swift */; };
		4956CCE22AC0CB0E00BF7FB7 /* Color+Ext.swift in Sources */ = {isa = PBXBuildFile; fileRef = 4956CCE12AC0CB0E00BF7FB7 /* Color+Ext.swift */; };
		4956CCE42AC0D62300BF7FB7 /* RemoteImage.swift in Sources */ = {isa = PBXBuildFile; fileRef = 4956CCE32AC0D62300BF7FB7 /* RemoteImage.swift */; };
		4956CCF32AC10A9C00BF7FB7 /* AppetizerDetailView.swift in Sources */ = {isa = PBXBuildFile; fileRef = 4956CCF22AC10A9C00BF7FB7 /* AppetizerDetailView.swift */; };
		49AC802B2ABE931700F47A47 /* APError.swift in Sources */ = {isa = PBXBuildFile; fileRef = 49AC802A2ABE931700F47A47 /* APError.swift */; };
		49AC802D2ABEA1C400F47A47 /* AppetizerListViewModel.swift in Sources */ = {isa = PBXBuildFile; fileRef = 49AC802C2ABEA1C400F47A47 /* AppetizerListViewModel.swift */; };
		49AC802F2ABEA43100F47A47 /* Alert.swift in Sources */ = {isa = PBXBuildFile; fileRef = 49AC802E2ABEA43100F47A47 /* Alert.swift */; };
		49CEE4F12AB95656004462B5 /* AppetizersApp.swift in Sources */ = {isa = PBXBuildFile; fileRef = 49CEE4F02AB95656004462B5 /* AppetizersApp.swift */; };
		49CEE4F32AB95656004462B5 /* AppetizerTabView.swift in Sources */ = {isa = PBXBuildFile; fileRef = 49CEE4F22AB95656004462B5 /* AppetizerTabView.swift */; };
		49CEE4F52AB95658004462B5 /* Assets.xcassets in Resources */ = {isa = PBXBuildFile; fileRef = 49CEE4F42AB95658004462B5 /* Assets.xcassets */; };
		49CEE4F82AB95658004462B5 /* Preview Assets.xcassets in Resources */ = {isa = PBXBuildFile; fileRef = 49CEE4F72AB95658004462B5 /* Preview Assets.xcassets */; };
		49CEE4FF2AB956E2004462B5 /* AppetizerListView.swift in Sources */ = {isa = PBXBuildFile; fileRef = 49CEE4FE2AB956E2004462B5 /* AppetizerListView.swift */; };
		49CEE5012AB95704004462B5 /* AccountView.swift in Sources */ = {isa = PBXBuildFile; fileRef = 49CEE5002AB95704004462B5 /* AccountView.swift */; };
		49CEE5032AB9571D004462B5 /* OrderView.swift in Sources */ = {isa = PBXBuildFile; fileRef = 49CEE5022AB9571D004462B5 /* OrderView.swift */; };
/* End PBXBuildFile section */

/* Begin PBXFileReference section */
		4918FD212ABE7F2000F5FB37 /* Appetizer.swift */ = {isa = PBXFileReference; lastKnownFileType = sourcecode.swift; path = Appetizer.swift; sourceTree = "<group>"; };
		4918FD232ABE8AD800F5FB37 /* AppetizerListCell.swift */ = {isa = PBXFileReference; lastKnownFileType = sourcecode.swift; path = AppetizerListCell.swift; sourceTree = "<group>"; };
		4918FD252ABE8C6A00F5FB37 /* NetworkManager.swift */ = {isa = PBXFileReference; lastKnownFileType = sourcecode.swift; path = NetworkManager.swift; sourceTree = "<group>"; };
		491C4C9F2AC1BFBE00E8A98F /* APButton.swift */ = {isa = PBXFileReference; lastKnownFileType = sourcecode.swift; path = APButton.swift; sourceTree = "<group>"; };
		491C4CA12AC1C07C00E8A98F /* XDismissButton.swift */ = {isa = PBXFileReference; lastKnownFileType = sourcecode.swift; path = XDismissButton.swift; sourceTree = "<group>"; };
		492780872AC6765200388988 /* AccountViewModel.swift */ = {isa = PBXFileReference; lastKnownFileType = sourcecode.swift; path = AccountViewModel.swift; sourceTree = "<group>"; };
		492780892AC678DF00388988 /* String+Ext.swift */ = {isa = PBXFileReference; lastKnownFileType = sourcecode.swift; path = "String+Ext.swift"; sourceTree = "<group>"; };
		4956CCDF2AC0CA2700BF7FB7 /* LoadingView.swift */ = {isa = PBXFileReference; lastKnownFileType = sourcecode.swift; path = LoadingView.swift; sourceTree = "<group>"; };
		4956CCE12AC0CB0E00BF7FB7 /* Color+Ext.swift */ = {isa = PBXFileReference; lastKnownFileType = sourcecode.swift; path = "Color+Ext.swift"; sourceTree = "<group>"; };
		4956CCE32AC0D62300BF7FB7 /* RemoteImage.swift */ = {isa = PBXFileReference; lastKnownFileType = sourcecode.swift; path = RemoteImage.swift; sourceTree = "<group>"; };
		4956CCF22AC10A9C00BF7FB7 /* AppetizerDetailView.swift */ = {isa = PBXFileReference; lastKnownFileType = sourcecode.swift; path = AppetizerDetailView.swift; sourceTree = "<group>"; };
		49AC802A2ABE931700F47A47 /* APError.swift */ = {isa = PBXFileReference; lastKnownFileType = sourcecode.swift; path = APError.swift; sourceTree = "<group>"; };
		49AC802C2ABEA1C400F47A47 /* AppetizerListViewModel.swift */ = {isa = PBXFileReference; lastKnownFileType = sourcecode.swift; path = AppetizerListViewModel.swift; sourceTree = "<group>"; };
		49AC802E2ABEA43100F47A47 /* Alert.swift */ = {isa = PBXFileReference; lastKnownFileType = sourcecode.swift; path = Alert.swift; sourceTree = "<group>"; };
		49CEE4ED2AB95656004462B5 /* Appetizers.app */ = {isa = PBXFileReference; explicitFileType = wrapper.application; includeInIndex = 0; path = Appetizers.app; sourceTree = BUILT_PRODUCTS_DIR; };
		49CEE4F02AB95656004462B5 /* AppetizersApp.swift */ = {isa = PBXFileReference; lastKnownFileType = sourcecode.swift; path = AppetizersApp.swift; sourceTree = "<group>"; };
		49CEE4F22AB95656004462B5 /* AppetizerTabView.swift */ = {isa = PBXFileReference; lastKnownFileType = sourcecode.swift; path = AppetizerTabView.swift; sourceTree = "<group>"; };
		49CEE4F42AB95658004462B5 /* Assets.xcassets */ = {isa = PBXFileReference; lastKnownFileType = folder.assetcatalog; path = Assets.xcassets; sourceTree = "<group>"; };
		49CEE4F72AB95658004462B5 /* Preview Assets.xcassets */ = {isa = PBXFileReference; lastKnownFileType = folder.assetcatalog; path = "Preview Assets.xcassets"; sourceTree = "<group>"; };
		49CEE4FE2AB956E2004462B5 /* AppetizerListView.swift */ = {isa = PBXFileReference; lastKnownFileType = sourcecode.swift; path = AppetizerListView.swift; sourceTree = "<group>"; };
		49CEE5002AB95704004462B5 /* AccountView.swift */ = {isa = PBXFileReference; lastKnownFileType = sourcecode.swift; path = AccountView.swift; sourceTree = "<group>"; };
		49CEE5022AB9571D004462B5 /* OrderView.swift */ = {isa = PBXFileReference; lastKnownFileType = sourcecode.swift; path = OrderView.swift; sourceTree = "<group>"; };
/* End PBXFileReference section */

/* Begin PBXFrameworksBuildPhase section */
		49CEE4EA2AB95656004462B5 /* Frameworks */ = {
			isa = PBXFrameworksBuildPhase;
			buildActionMask = 2147483647;
			files = (
			);
			runOnlyForDeploymentPostprocessing = 0;
		};
/* End PBXFrameworksBuildPhase section */

/* Begin PBXGroup section */
		491C4C9E2AC1BFA400E8A98F /* Buttons */ = {
			isa = PBXGroup;
			children = (
				491C4C9F2AC1BFBE00E8A98F /* APButton.swift */,
				491C4CA12AC1C07C00E8A98F /* XDismissButton.swift */,
			);
			path = Buttons;
			sourceTree = "<group>";
		};
		4956CCE52AC0DD9900BF7FB7 /* Screens */ = {
			isa = PBXGroup;
			children = (
				49CEE4F22AB95656004462B5 /* AppetizerTabView.swift */,
				4956CCE72AC0DDAE00BF7FB7 /* AccountView */,
				4956CCE62AC0DDA200BF7FB7 /* AppetizerListView */,
				4956CCE82AC0DDB700BF7FB7 /* OrderView */,
			);
			path = Screens;
			sourceTree = "<group>";
		};
		4956CCE62AC0DDA200BF7FB7 /* AppetizerListView */ = {
			isa = PBXGroup;
			children = (
				49AC802C2ABEA1C400F47A47 /* AppetizerListViewModel.swift */,
				49CEE4FE2AB956E2004462B5 /* AppetizerListView.swift */,
				4956CCF22AC10A9C00BF7FB7 /* AppetizerDetailView.swift */,
			);
			path = AppetizerListView;
			sourceTree = "<group>";
		};
		4956CCE72AC0DDAE00BF7FB7 /* AccountView */ = {
			isa = PBXGroup;
			children = (
				49CEE5002AB95704004462B5 /* AccountView.swift */,
				492780872AC6765200388988 /* AccountViewModel.swift */,
			);
			path = AccountView;
			sourceTree = "<group>";
		};
		4956CCE82AC0DDB700BF7FB7 /* OrderView */ = {
			isa = PBXGroup;
			children = (
				49CEE5022AB9571D004462B5 /* OrderView.swift */,
			);
			path = OrderView;
			sourceTree = "<group>";
		};
		4956CCE92AC0DE0300BF7FB7 /* Utilities */ = {
			isa = PBXGroup;
			children = (
				4956CCEC2AC0DE3900BF7FB7 /* Alerts */,
				4956CCEB2AC0DE1400BF7FB7 /* Extensions */,
				4956CCEA2AC0DE0D00BF7FB7 /* Managers */,
			);
			path = Utilities;
			sourceTree = "<group>";
		};
		4956CCEA2AC0DE0D00BF7FB7 /* Managers */ = {
			isa = PBXGroup;
			children = (
				4918FD252ABE8C6A00F5FB37 /* NetworkManager.swift */,
			);
			path = Managers;
			sourceTree = "<group>";
		};
		4956CCEB2AC0DE1400BF7FB7 /* Extensions */ = {
			isa = PBXGroup;
			children = (
				4956CCE12AC0CB0E00BF7FB7 /* Color+Ext.swift */,
				492780892AC678DF00388988 /* String+Ext.swift */,
			);
			path = Extensions;
			sourceTree = "<group>";
		};
		4956CCEC2AC0DE3900BF7FB7 /* Alerts */ = {
			isa = PBXGroup;
			children = (
				49AC802A2ABE931700F47A47 /* APError.swift */,
				49AC802E2ABEA43100F47A47 /* Alert.swift */,
			);
			path = Alerts;
			sourceTree = "<group>";
		};
		4956CCED2AC0DE6300BF7FB7 /* Model */ = {
			isa = PBXGroup;
			children = (
				4918FD212ABE7F2000F5FB37 /* Appetizer.swift */,
			);
			path = Model;
			sourceTree = "<group>";
		};
		4956CCEE2AC0DE9A00BF7FB7 /* Views */ = {
			isa = PBXGroup;
			children = (
				491C4C9E2AC1BFA400E8A98F /* Buttons */,
				4956CCF12AC0DED500BF7FB7 /* Image */,
				4956CCF02AC0DECD00BF7FB7 /* Cells */,
				4956CCEF2AC0DEA600BF7FB7 /* UIKit Components */,
			);
			path = Views;
			sourceTree = "<group>";
		};
		4956CCEF2AC0DEA600BF7FB7 /* UIKit Components */ = {
			isa = PBXGroup;
			children = (
				4956CCDF2AC0CA2700BF7FB7 /* LoadingView.swift */,
			);
			path = "UIKit Components";
			sourceTree = "<group>";
		};
		4956CCF02AC0DECD00BF7FB7 /* Cells */ = {
			isa = PBXGroup;
			children = (
				4918FD232ABE8AD800F5FB37 /* AppetizerListCell.swift */,
			);
			path = Cells;
			sourceTree = "<group>";
		};
		4956CCF12AC0DED500BF7FB7 /* Image */ = {
			isa = PBXGroup;
			children = (
				4956CCE32AC0D62300BF7FB7 /* RemoteImage.swift */,
			);
			path = Image;
			sourceTree = "<group>";
		};
		49CEE4E42AB95656004462B5 = {
			isa = PBXGroup;
			children = (
				49CEE4EF2AB95656004462B5 /* Appetizers */,
				49CEE4EE2AB95656004462B5 /* Products */,
			);
			sourceTree = "<group>";
		};
		49CEE4EE2AB95656004462B5 /* Products */ = {
			isa = PBXGroup;
			children = (
				49CEE4ED2AB95656004462B5 /* Appetizers.app */,
			);
			name = Products;
			sourceTree = "<group>";
		};
		49CEE4EF2AB95656004462B5 /* Appetizers */ = {
			isa = PBXGroup;
			children = (
				4956CCEE2AC0DE9A00BF7FB7 /* Views */,
				4956CCED2AC0DE6300BF7FB7 /* Model */,
				4956CCE92AC0DE0300BF7FB7 /* Utilities */,
				4956CCE52AC0DD9900BF7FB7 /* Screens */,
				49CEE4F02AB95656004462B5 /* AppetizersApp.swift */,
				49CEE4F42AB95658004462B5 /* Assets.xcassets */,
				49CEE4F62AB95658004462B5 /* Preview Content */,
			);
			path = Appetizers;
			sourceTree = "<group>";
		};
		49CEE4F62AB95658004462B5 /* Preview Content */ = {
			isa = PBXGroup;
			children = (
				49CEE4F72AB95658004462B5 /* Preview Assets.xcassets */,
			);
			path = "Preview Content";
			sourceTree = "<group>";
		};
/* End PBXGroup section */

/* Begin PBXNativeTarget section */
		49CEE4EC2AB95656004462B5 /* Appetizers */ = {
			isa = PBXNativeTarget;
			buildConfigurationList = 49CEE4FB2AB95658004462B5 /* Build configuration list for PBXNativeTarget "Appetizers" */;
			buildPhases = (
				49CEE4E92AB95656004462B5 /* Sources */,
				49CEE4EA2AB95656004462B5 /* Frameworks */,
				49CEE4EB2AB95656004462B5 /* Resources */,
			);
			buildRules = (
			);
			dependencies = (
			);
			name = Appetizers;
			productName = Appetizers;
			productReference = 49CEE4ED2AB95656004462B5 /* Appetizers.app */;
			productType = "com.apple.product-type.application";
		};
/* End PBXNativeTarget section */

/* Begin PBXProject section */
		49CEE4E52AB95656004462B5 /* Project object */ = {
			isa = PBXProject;
			attributes = {
				BuildIndependentTargetsInParallel = 1;
				LastSwiftUpdateCheck = 1500;
				LastUpgradeCheck = 1500;
				TargetAttributes = {
					49CEE4EC2AB95656004462B5 = {
						CreatedOnToolsVersion = 15.0;
					};
				};
			};
			buildConfigurationList = 49CEE4E82AB95656004462B5 /* Build configuration list for PBXProject "Appetizers" */;
			compatibilityVersion = "Xcode 14.0";
			developmentRegion = en;
			hasScannedForEncodings = 0;
			knownRegions = (
				en,
				Base,
			);
			mainGroup = 49CEE4E42AB95656004462B5;
			productRefGroup = 49CEE4EE2AB95656004462B5 /* Products */;
			projectDirPath = "";
			projectRoot = "";
			targets = (
				49CEE4EC2AB95656004462B5 /* Appetizers */,
			);
		};
/* End PBXProject section */

/* Begin PBXResourcesBuildPhase section */
		49CEE4EB2AB95656004462B5 /* Resources */ = {
			isa = PBXResourcesBuildPhase;
			buildActionMask = 2147483647;
			files = (
				49CEE4F82AB95658004462B5 /* Preview Assets.xcassets in Resources */,
				49CEE4F52AB95658004462B5 /* Assets.xcassets in Resources */,
			);
			runOnlyForDeploymentPostprocessing = 0;
		};
/* End PBXResourcesBuildPhase section */

/* Begin PBXSourcesBuildPhase section */
		49CEE4E92AB95656004462B5 /* Sources */ = {
			isa = PBXSourcesBuildPhase;
			buildActionMask = 2147483647;
			files = (
				4918FD222ABE7F2000F5FB37 /* Appetizer.swift in Sources */,
				49AC802B2ABE931700F47A47 /* APError.swift in Sources */,
				491C4CA22AC1C07C00E8A98F /* XDismissButton.swift in Sources */,
				4918FD242ABE8AD800F5FB37 /* AppetizerListCell.swift in Sources */,
				492780882AC6765200388988 /* AccountViewModel.swift in Sources */,
				49AC802D2ABEA1C400F47A47 /* AppetizerListViewModel.swift in Sources */,
				4956CCE22AC0CB0E00BF7FB7 /* Color+Ext.swift in Sources */,
				49CEE5012AB95704004462B5 /* AccountView.swift in Sources */,
				491C4CA02AC1BFBE00E8A98F /* APButton.swift in Sources */,
				4956CCE02AC0CA2700BF7FB7 /* LoadingView.swift in Sources */,
				49CEE4F32AB95656004462B5 /* AppetizerTabView.swift in Sources */,
				4918FD262ABE8C6A00F5FB37 /* NetworkManager.swift in Sources */,
				4956CCE42AC0D62300BF7FB7 /* RemoteImage.swift in Sources */,
				4927808A2AC678DF00388988 /* String+Ext.swift in Sources */,
				4956CCF32AC10A9C00BF7FB7 /* AppetizerDetailView.swift in Sources */,
				49CEE4F12AB95656004462B5 /* AppetizersApp.swift in Sources */,
				49AC802F2ABEA43100F47A47 /* Alert.swift in Sources */,
				49CEE4FF2AB956E2004462B5 /* AppetizerListView.swift in Sources */,
				49CEE5032AB9571D004462B5 /* OrderView.swift in Sources */,
			);
			runOnlyForDeploymentPostprocessing = 0;
		};
/* End PBXSourcesBuildPhase section */

/* Begin XCBuildConfiguration section */
		49CEE4F92AB95658004462B5 /* Debug */ = {
			isa = XCBuildConfiguration;
			buildSettings = {
				ALWAYS_SEARCH_USER_PATHS = NO;
				ASSETCATALOG_COMPILER_GENERATE_SWIFT_ASSET_SYMBOL_EXTENSIONS = YES;
				CLANG_ANALYZER_NONNULL = YES;
				CLANG_ANALYZER_NUMBER_OBJECT_CONVERSION = YES_AGGRESSIVE;
				CLANG_CXX_LANGUAGE_STANDARD = "gnu++20";
				CLANG_ENABLE_MODULES = YES;
				CLANG_ENABLE_OBJC_ARC = YES;
				CLANG_ENABLE_OBJC_WEAK = YES;
				CLANG_WARN_BLOCK_CAPTURE_AUTORELEASING = YES;
				CLANG_WARN_BOOL_CONVERSION = YES;
				CLANG_WARN_COMMA = YES;
				CLANG_WARN_CONSTANT_CONVERSION = YES;
				CLANG_WARN_DEPRECATED_OBJC_IMPLEMENTATIONS = YES;
				CLANG_WARN_DIRECT_OBJC_ISA_USAGE = YES_ERROR;
				CLANG_WARN_DOCUMENTATION_COMMENTS = YES;
				CLANG_WARN_EMPTY_BODY = YES;
				CLANG_WARN_ENUM_CONVERSION = YES;
				CLANG_WARN_INFINITE_RECURSION = YES;
				CLANG_WARN_INT_CONVERSION = YES;
				CLANG_WARN_NON_LITERAL_NULL_CONVERSION = YES;
				CLANG_WARN_OBJC_IMPLICIT_RETAIN_SELF = YES;
				CLANG_WARN_OBJC_LITERAL_CONVERSION = YES;
				CLANG_WARN_OBJC_ROOT_CLASS = YES_ERROR;
				CLANG_WARN_QUOTED_INCLUDE_IN_FRAMEWORK_HEADER = YES;
				CLANG_WARN_RANGE_LOOP_ANALYSIS = YES;
				CLANG_WARN_STRICT_PROTOTYPES = YES;
				CLANG_WARN_SUSPICIOUS_MOVE = YES;
				CLANG_WARN_UNGUARDED_AVAILABILITY = YES_AGGRESSIVE;
				CLANG_WARN_UNREACHABLE_CODE = YES;
				CLANG_WARN__DUPLICATE_METHOD_MATCH = YES;
				COPY_PHASE_STRIP = NO;
				DEBUG_INFORMATION_FORMAT = dwarf;
				ENABLE_STRICT_OBJC_MSGSEND = YES;
				ENABLE_TESTABILITY = YES;
				ENABLE_USER_SCRIPT_SANDBOXING = YES;
				GCC_C_LANGUAGE_STANDARD = gnu17;
				GCC_DYNAMIC_NO_PIC = NO;
				GCC_NO_COMMON_BLOCKS = YES;
				GCC_OPTIMIZATION_LEVEL = 0;
				GCC_PREPROCESSOR_DEFINITIONS = (
					"DEBUG=1",
					"$(inherited)",
				);
				GCC_WARN_64_TO_32_BIT_CONVERSION = YES;
				GCC_WARN_ABOUT_RETURN_TYPE = YES_ERROR;
				GCC_WARN_UNDECLARED_SELECTOR = YES;
				GCC_WARN_UNINITIALIZED_AUTOS = YES_AGGRESSIVE;
				GCC_WARN_UNUSED_FUNCTION = YES;
				GCC_WARN_UNUSED_VARIABLE = YES;
				IPHONEOS_DEPLOYMENT_TARGET = 17.0;
				LOCALIZATION_PREFERS_STRING_CATALOGS = YES;
				MTL_ENABLE_DEBUG_INFO = INCLUDE_SOURCE;
				MTL_FAST_MATH = YES;
				ONLY_ACTIVE_ARCH = YES;
				SDKROOT = iphoneos;
				SWIFT_ACTIVE_COMPILATION_CONDITIONS = "DEBUG $(inherited)";
				SWIFT_OPTIMIZATION_LEVEL = "-Onone";
			};
			name = Debug;
		};
		49CEE4FA2AB95658004462B5 /* Release */ = {
			isa = XCBuildConfiguration;
			buildSettings = {
				ALWAYS_SEARCH_USER_PATHS = NO;
				ASSETCATALOG_COMPILER_GENERATE_SWIFT_ASSET_SYMBOL_EXTENSIONS = YES;
				CLANG_ANALYZER_NONNULL = YES;
				CLANG_ANALYZER_NUMBER_OBJECT_CONVERSION = YES_AGGRESSIVE;
				CLANG_CXX_LANGUAGE_STANDARD = "gnu++20";
				CLANG_ENABLE_MODULES = YES;
				CLANG_ENABLE_OBJC_ARC = YES;
				CLANG_ENABLE_OBJC_WEAK = YES;
				CLANG_WARN_BLOCK_CAPTURE_AUTORELEASING = YES;
				CLANG_WARN_BOOL_CONVERSION = YES;
				CLANG_WARN_COMMA = YES;
				CLANG_WARN_CONSTANT_CONVERSION = YES;
				CLANG_WARN_DEPRECATED_OBJC_IMPLEMENTATIONS = YES;
				CLANG_WARN_DIRECT_OBJC_ISA_USAGE = YES_ERROR;
				CLANG_WARN_DOCUMENTATION_COMMENTS = YES;
				CLANG_WARN_EMPTY_BODY = YES;
				CLANG_WARN_ENUM_CONVERSION = YES;
				CLANG_WARN_INFINITE_RECURSION = YES;
				CLANG_WARN_INT_CONVERSION = YES;
				CLANG_WARN_NON_LITERAL_NULL_CONVERSION = YES;
				CLANG_WARN_OBJC_IMPLICIT_RETAIN_SELF = YES;
				CLANG_WARN_OBJC_LITERAL_CONVERSION = YES;
				CLANG_WARN_OBJC_ROOT_CLASS = YES_ERROR;
				CLANG_WARN_QUOTED_INCLUDE_IN_FRAMEWORK_HEADER = YES;
				CLANG_WARN_RANGE_LOOP_ANALYSIS = YES;
				CLANG_WARN_STRICT_PROTOTYPES = YES;
				CLANG_WARN_SUSPICIOUS_MOVE = YES;
				CLANG_WARN_UNGUARDED_AVAILABILITY = YES_AGGRESSIVE;
				CLANG_WARN_UNREACHABLE_CODE = YES;
				CLANG_WARN__DUPLICATE_METHOD_MATCH = YES;
				COPY_PHASE_STRIP = NO;
				DEBUG_INFORMATION_FORMAT = "dwarf-with-dsym";
				ENABLE_NS_ASSERTIONS = NO;
				ENABLE_STRICT_OBJC_MSGSEND = YES;
				ENABLE_USER_SCRIPT_SANDBOXING = YES;
				GCC_C_LANGUAGE_STANDARD = gnu17;
				GCC_NO_COMMON_BLOCKS = YES;
				GCC_WARN_64_TO_32_BIT_CONVERSION = YES;
				GCC_WARN_ABOUT_RETURN_TYPE = YES_ERROR;
				GCC_WARN_UNDECLARED_SELECTOR = YES;
				GCC_WARN_UNINITIALIZED_AUTOS = YES_AGGRESSIVE;
				GCC_WARN_UNUSED_FUNCTION = YES;
				GCC_WARN_UNUSED_VARIABLE = YES;
				IPHONEOS_DEPLOYMENT_TARGET = 17.0;
				LOCALIZATION_PREFERS_STRING_CATALOGS = YES;
				MTL_ENABLE_DEBUG_INFO = NO;
				MTL_FAST_MATH = YES;
				SDKROOT = iphoneos;
				SWIFT_COMPILATION_MODE = wholemodule;
				VALIDATE_PRODUCT = YES;
			};
			name = Release;
		};
		49CEE4FC2AB95658004462B5 /* Debug */ = {
			isa = XCBuildConfiguration;
			buildSettings = {
				ASSETCATALOG_COMPILER_APPICON_NAME = AppIcon;
				ASSETCATALOG_COMPILER_GLOBAL_ACCENT_COLOR_NAME = AccentColor;
				CODE_SIGN_STYLE = Automatic;
				CURRENT_PROJECT_VERSION = 1;
				DEVELOPMENT_ASSET_PATHS = "\"Appetizers/Preview Content\"";
				DEVELOPMENT_TEAM = FTZWW62W93;
				ENABLE_PREVIEWS = YES;
				GENERATE_INFOPLIST_FILE = YES;
				INFOPLIST_KEY_UIApplicationSceneManifest_Generation = YES;
				INFOPLIST_KEY_UIApplicationSupportsIndirectInputEvents = YES;
				INFOPLIST_KEY_UILaunchScreen_Generation = YES;
				INFOPLIST_KEY_UISupportedInterfaceOrientations_iPad = "UIInterfaceOrientationPortrait UIInterfaceOrientationPortraitUpsideDown UIInterfaceOrientationLandscapeLeft UIInterfaceOrientationLandscapeRight";
				INFOPLIST_KEY_UISupportedInterfaceOrientations_iPhone = "UIInterfaceOrientationPortrait UIInterfaceOrientationLandscapeLeft UIInterfaceOrientationLandscapeRight";
				LD_RUNPATH_SEARCH_PATHS = (
					"$(inherited)",
					"@executable_path/Frameworks",
				);
				MARKETING_VERSION = 1.0;
				PRODUCT_BUNDLE_IDENTIFIER = com.chrisloarryn.Appetizers;
				PRODUCT_NAME = "$(TARGET_NAME)";
				SWIFT_EMIT_LOC_STRINGS = YES;
				SWIFT_VERSION = 5.0;
				TARGETED_DEVICE_FAMILY = "1,2";
			};
			name = Debug;
		};
		49CEE4FD2AB95658004462B5 /* Release */ = {
			isa = XCBuildConfiguration;
			buildSettings = {
				ASSETCATALOG_COMPILER_APPICON_NAME = AppIcon;
				ASSETCATALOG_COMPILER_GLOBAL_ACCENT_COLOR_NAME = AccentColor;
				CODE_SIGN_STYLE = Automatic;
				CURRENT_PROJECT_VERSION = 1;
				DEVELOPMENT_ASSET_PATHS = "\"Appetizers/Preview Content\"";
				DEVELOPMENT_TEAM = FTZWW62W93;
				ENABLE_PREVIEWS = YES;
				GENERATE_INFOPLIST_FILE = YES;
				INFOPLIST_KEY_UIApplicationSceneManifest_Generation = YES;
				INFOPLIST_KEY_UIApplicationSupportsIndirectInputEvents = YES;
				INFOPLIST_KEY_UILaunchScreen_Generation = YES;
				INFOPLIST_KEY_UISupportedInterfaceOrientations_iPad = "UIInterfaceOrientationPortrait UIInterfaceOrientationPortraitUpsideDown UIInterfaceOrientationLandscapeLeft UIInterfaceOrientationLandscapeRight";
				INFOPLIST_KEY_UISupportedInterfaceOrientations_iPhone = "UIInterfaceOrientationPortrait UIInterfaceOrientationLandscapeLeft UIInterfaceOrientationLandscapeRight";
				LD_RUNPATH_SEARCH_PATHS = (
					"$(inherited)",
					"@executable_path/Frameworks",
				);
				MARKETING_VERSION = 1.0;
				PRODUCT_BUNDLE_IDENTIFIER = com.chrisloarryn.Appetizers;
				PRODUCT_NAME = "$(TARGET_NAME)";
				SWIFT_EMIT_LOC_STRINGS = YES;
				SWIFT_VERSION = 5.0;
				TARGETED_DEVICE_FAMILY = "1,2";
			};
			name = Release;
		};
/* End XCBuildConfiguration section */

/* Begin XCConfigurationList section */
		49CEE4E82AB95656004462B5 /* Build configuration list for PBXProject "Appetizers" */ = {
			isa = XCConfigurationList;
			buildConfigurations = (
				49CEE4F92AB95658004462B5 /* Debug */,
				49CEE4FA2AB95658004462B5 /* Release */,
			);
			defaultConfigurationIsVisible = 0;
			defaultConfigurationName = Release;
		};
		49CEE4FB2AB95658004462B5 /* Build configuration list for PBXNativeTarget "Appetizers" */ = {
			isa = XCConfigurationList;
			buildConfigurations = (
				49CEE4FC2AB95658004462B5 /* Debug */,
				49CEE4FD2AB95658004462B5 /* Release */,
			);
			defaultConfigurationIsVisible = 0;
			defaultConfigurationName = Release;
		};
/* End XCConfigurationList section */
	};
	rootObject = 49CEE4E52AB95656004462B5 /* Project object */;
}
